
Microsoft Visual Studio Solution File, Format Version 12.00
# Visual Studio Version 17
VisualStudioVersion = 17.2.32616.157
MinimumVisualStudioVersion = 10.0.40219.1
Project("{8BC9CEB8-8B4A-11D0-8D11-00A0C91BC942}") = "obfCoder", "GUI\GUI.vcxproj", "{3673EBDE-9BBC-4850-AEFF-C299B28AE374}"
EndProject
Project("{8BC9CEB8-8B4A-11D0-8D11-00A0C91BC942}") = "Google Unit Tests", "Google Unit Tests\Google Unit Tests.vcxproj", "{80C89E90-39DF-478B-9453-A4A1394511EC}"
EndProject
Global
	GlobalSection(SolutionConfigurationPlatforms) = preSolution
		Debug|x64 = Debug|x64
		Debug|x86 = Debug|x86
		Release|x64 = Release|x64
		Release|x86 = Release|x86
	EndGlobalSection
	GlobalSection(ProjectConfigurationPlatforms) = postSolution
		{3673EBDE-9BBC-4850-AEFF-C299B28AE374}.Debug|x64.ActiveCfg = Debug|x64
		{3673EBDE-9BBC-4850-AEFF-C299B28AE374}.Debug|x64.Build.0 = Debug|x64
		{3673EBDE-9BBC-4850-AEFF-C299B28AE374}.Debug|x86.ActiveCfg = Debug|x64
		{3673EBDE-9BBC-4850-AEFF-C299B28AE374}.Debug|x86.Build.0 = Debug|x64
		{3673EBDE-9BBC-4850-AEFF-C299B28AE374}.Release|x64.ActiveCfg = Release|x64
		{3673EBDE-9BBC-4850-AEFF-C299B28AE374}.Release|x64.Build.0 = Release|x64
		{3673EBDE-9BBC-4850-AEFF-C299B28AE374}.Release|x86.ActiveCfg = Release|x64
		{3673EBDE-9BBC-4850-AEFF-C299B28AE374}.Release|x86.Build.0 = Release|x64
		{80C89E90-39DF-478B-9453-A4A1394511EC}.Debug|x64.ActiveCfg = Debug|x64
		{80C89E90-39DF-478B-9453-A4A1394511EC}.Debug|x64.Build.0 = Debug|x64
		{80C89E90-39DF-478B-9453-A4A1394511EC}.Debug|x86.ActiveCfg = Debug|Win32
		{80C89E90-39DF-478B-9453-A4A1394511EC}.Debug|x86.Build.0 = Debug|Win32
		{80C89E90-39DF-478B-9453-A4A1394511EC}.Release|x64.ActiveCfg = Release|x64
		{80C89E90-39DF-478B-9453-A4A1394511EC}.Release|x64.Build.0 = Release|x64
		{80C89E90-39DF-478B-9453-A4A1394511EC}.Release|x86.ActiveCfg = Release|Win32
		{80C89E90-39DF-478B-9453-A4A1394511EC}.Release|x86.Build.0 = Release|Win32
	EndGlobalSection
	GlobalSection(SolutionProperties) = preSolution
		HideSolutionNode = FALSE
	EndGlobalSection
	GlobalSection(ExtensibilityGlobals) = postSolution
		SolutionGuid = {D5F11722-12AA-4E2E-A11E-E23665AA78DC}
	EndGlobalSection
EndGlobal
